
Microsoft Visual Studio Solution File, Format Version 12.00
# Visual Studio Version 17
VisualStudioVersion = 17.14.36915.13
MinimumVisualStudioVersion = 10.0.40219.1
Project("{FAE04EC0-301F-11D3-BF4B-00C04F79EFBC}") = "FPRDB_SQLite", "FPRDB_SQLite\FPRDB_SQLite.csproj", "{DCA0385C-34AB-4FE1-B7AB-5E8D4FFF8E40}"
EndProject
Project("{FAE04EC0-301F-11D3-BF4B-00C04F79EFBC}") = "TestProject1", "TestProject1\TestProject1.csproj", "{B105D4B5-EF4F-4C5F-9E4A-CA09AF579C28}"
EndProject
Global
	GlobalSection(SolutionConfigurationPlatforms) = preSolution
		Debug|Any CPU = Debug|Any CPU
		Release|Any CPU = Release|Any CPU
	EndGlobalSection
	GlobalSection(ProjectConfigurationPlatforms) = postSolution
		{DCA0385C-34AB-4FE1-B7AB-5E8D4FFF8E40}.Debug|Any CPU.ActiveCfg = Debug|Any CPU
		{DCA0385C-34AB-4FE1-B7AB-5E8D4FFF8E40}.Debug|Any CPU.Build.0 = Debug|Any CPU
		{DCA0385C-34AB-4FE1-B7AB-5E8D4FFF8E40}.Release|Any CPU.ActiveCfg = Release|Any CPU
		{DCA0385C-34AB-4FE1-B7AB-5E8D4FFF8E40}.Release|Any CPU.Build.0 = Release|Any CPU
		{B105D4B5-EF4F-4C5F-9E4A-CA09AF579C28}.Debug|Any CPU.ActiveCfg = Debug|Any CPU
		{B105D4B5-EF4F-4C5F-9E4A-CA09AF579C28}.Debug|Any CPU.Build.0 = Debug|Any CPU
		{B105D4B5-EF4F-4C5F-9E4A-CA09AF579C28}.Release|Any CPU.ActiveCfg = Release|Any CPU
		{B105D4B5-EF4F-4C5F-9E4A-CA09AF579C28}.Release|Any CPU.Build.0 = Release|Any CPU
	EndGlobalSection
	GlobalSection(SolutionProperties) = preSolution
		HideSolutionNode = FALSE
	EndGlobalSection
	GlobalSection(ExtensibilityGlobals) = postSolution
		SolutionGuid = {057B2C15-1C94-438D-BE86-73C08526BF27}
	EndGlobalSection
EndGlobal
